
Microsoft Visual Studio Solution File, Format Version 12.00
# Visual Studio 15
VisualStudioVersion = 15.0.26430.13
MinimumVisualStudioVersion = 10.0.40219.1
Project("{D954291E-2A0B-460D-934E-DC6B0785DB48}") = "AinixSample", "AinixSample\AinixSample\AinixSample.shproj", "{8C5DCE80-8A57-4FBD-B81A-87925C80D4CD}"
EndProject
Project("{FAE04EC0-301F-11D3-BF4B-00C04F79EFBC}") = "AinixSample.Android", "AinixSample\AinixSample.Android\AinixSample.Android.csproj", "{0B43DCDD-7DF4-4682-9114-C7A2F28A951D}"
EndProject
Project("{FAE04EC0-301F-11D3-BF4B-00C04F79EFBC}") = "AinixSample.iOS", "AinixSample\AinixSample.iOS\AinixSample.iOS.csproj", "{7DD82DC0-B249-42BB-8F48-D776A618C513}"
EndProject
Project("{FAE04EC0-301F-11D3-BF4B-00C04F79EFBC}") = "AinixSample.UWP", "AinixSample\AinixSample.UWP\AinixSample.UWP.csproj", "{15A73194-45DF-4DF4-839F-9A439B40C8E4}"
EndProject
Project("{2150E333-8FDC-42A3-9474-1A3956D46DE8}") = "TcpClient", "TcpClient", "{3C7C6AB5-5378-45A9-BAE1-A6ADCD8F59F0}"
EndProject
Project("{2150E333-8FDC-42A3-9474-1A3956D46DE8}") = "TcpServer", "TcpServer", "{CC6C25E3-BBF9-4BE4-885E-A82EF3943D59}"
EndProject
Project("{FAE04EC0-301F-11D3-BF4B-00C04F79EFBC}") = "TcpServer", "TcpServer\TcpServer.csproj", "{386243AD-706E-4583-90AC-3CB4A022D1A6}"
EndProject
Project("{2150E333-8FDC-42A3-9474-1A3956D46DE8}") = "Xamarin.Forms", "Xamarin.Forms", "{0E4E15BF-936E-4863-BF34-E4E9B31775FA}"
EndProject
Project("{FAE04EC0-301F-11D3-BF4B-00C04F79EFBC}") = "TcpClientSample", "TcpClientSample\TcpClientSample.csproj", "{5270893E-DEF5-43AC-B209-A05A6BF59DB7}"
EndProject
Global
	GlobalSection(SharedMSBuildProjectFiles) = preSolution
		AinixSample\AinixSample\AinixSample.projitems*{0b43dcdd-7df4-4682-9114-c7a2f28a951d}*SharedItemsImports = 4
		AinixSample\AinixSample\AinixSample.projitems*{15a73194-45df-4df4-839f-9a439b40c8e4}*SharedItemsImports = 4
		AinixSample\AinixSample\AinixSample.projitems*{7dd82dc0-b249-42bb-8f48-d776a618c513}*SharedItemsImports = 4
		AinixSample\AinixSample\AinixSample.projitems*{8c5dce80-8a57-4fbd-b81a-87925c80d4cd}*SharedItemsImports = 13
	EndGlobalSection
	GlobalSection(SolutionConfigurationPlatforms) = preSolution
		Ad-Hoc|Any CPU = Ad-Hoc|Any CPU
		Ad-Hoc|ARM = Ad-Hoc|ARM
		Ad-Hoc|iPhone = Ad-Hoc|iPhone
		Ad-Hoc|iPhoneSimulator = Ad-Hoc|iPhoneSimulator
		Ad-Hoc|x64 = Ad-Hoc|x64
		Ad-Hoc|x86 = Ad-Hoc|x86
		AppStore|Any CPU = AppStore|Any CPU
		AppStore|ARM = AppStore|ARM
		AppStore|iPhone = AppStore|iPhone
		AppStore|iPhoneSimulator = AppStore|iPhoneSimulator
		AppStore|x64 = AppStore|x64
		AppStore|x86 = AppStore|x86
		Debug|Any CPU = Debug|Any CPU
		Debug|ARM = Debug|ARM
		Debug|iPhone = Debug|iPhone
		Debug|iPhoneSimulator = Debug|iPhoneSimulator
		Debug|x64 = Debug|x64
		Debug|x86 = Debug|x86
		Release|Any CPU = Release|Any CPU
		Release|ARM = Release|ARM
		Release|iPhone = Release|iPhone
		Release|iPhoneSimulator = Release|iPhoneSimulator
		Release|x64 = Release|x64
		Release|x86 = Release|x86
	EndGlobalSection
	GlobalSection(ProjectConfigurationPlatforms) = postSolution
		{0B43DCDD-7DF4-4682-9114-C7A2F28A951D}.Ad-Hoc|Any CPU.ActiveCfg = Release|Any CPU
		{0B43DCDD-7DF4-4682-9114-C7A2F28A951D}.Ad-Hoc|Any CPU.Build.0 = Release|Any CPU
		{0B43DCDD-7DF4-4682-9114-C7A2F28A951D}.Ad-Hoc|Any CPU.Deploy.0 = Release|Any CPU
		{0B43DCDD-7DF4-4682-9114-C7A2F28A951D}.Ad-Hoc|ARM.ActiveCfg = Release|Any CPU
		{0B43DCDD-7DF4-4682-9114-C7A2F28A951D}.Ad-Hoc|ARM.Build.0 = Release|Any CPU
		{0B43DCDD-7DF4-4682-9114-C7A2F28A951D}.Ad-Hoc|ARM.Deploy.0 = Release|Any CPU
		{0B43DCDD-7DF4-4682-9114-C7A2F28A951D}.Ad-Hoc|iPhone.ActiveCfg = Release|Any CPU
		{0B43DCDD-7DF4-4682-9114-C7A2F28A951D}.Ad-Hoc|iPhone.Build.0 = Release|Any CPU
		{0B43DCDD-7DF4-4682-9114-C7A2F28A951D}.Ad-Hoc|iPhone.Deploy.0 = Release|Any CPU
		{0B43DCDD-7DF4-4682-9114-C7A2F28A951D}.Ad-Hoc|iPhoneSimulator.ActiveCfg = Release|Any CPU
		{0B43DCDD-7DF4-4682-9114-C7A2F28A951D}.Ad-Hoc|iPhoneSimulator.Build.0 = Release|Any CPU
		{0B43DCDD-7DF4-4682-9114-C7A2F28A951D}.Ad-Hoc|iPhoneSimulator.Deploy.0 = Release|Any CPU
		{0B43DCDD-7DF4-4682-9114-C7A2F28A951D}.Ad-Hoc|x64.ActiveCfg = Release|Any CPU
		{0B43DCDD-7DF4-4682-9114-C7A2F28A951D}.Ad-Hoc|x64.Build.0 = Release|Any CPU
		{0B43DCDD-7DF4-4682-9114-C7A2F28A951D}.Ad-Hoc|x64.Deploy.0 = Release|Any CPU
		{0B43DCDD-7DF4-4682-9114-C7A2F28A951D}.Ad-Hoc|x86.ActiveCfg = Release|Any CPU
		{0B43DCDD-7DF4-4682-9114-C7A2F28A951D}.Ad-Hoc|x86.Build.0 = Release|Any CPU
		{0B43DCDD-7DF4-4682-9114-C7A2F28A951D}.Ad-Hoc|x86.Deploy.0 = Release|Any CPU
		{0B43DCDD-7DF4-4682-9114-C7A2F28A951D}.AppStore|Any CPU.ActiveCfg = Release|Any CPU
		{0B43DCDD-7DF4-4682-9114-C7A2F28A951D}.AppStore|Any CPU.Build.0 = Release|Any CPU
		{0B43DCDD-7DF4-4682-9114-C7A2F28A951D}.AppStore|Any CPU.Deploy.0 = Release|Any CPU
		{0B43DCDD-7DF4-4682-9114-C7A2F28A951D}.AppStore|ARM.ActiveCfg = Release|Any CPU
		{0B43DCDD-7DF4-4682-9114-C7A2F28A951D}.AppStore|ARM.Build.0 = Release|Any CPU
		{0B43DCDD-7DF4-4682-9114-C7A2F28A951D}.AppStore|ARM.Deploy.0 = Release|Any CPU
		{0B43DCDD-7DF4-4682-9114-C7A2F28A951D}.AppStore|iPhone.ActiveCfg = Release|Any CPU
		{0B43DCDD-7DF4-4682-9114-C7A2F28A951D}.AppStore|iPhone.Build.0 = Release|Any CPU
		{0B43DCDD-7DF4-4682-9114-C7A2F28A951D}.AppStore|iPhone.Deploy.0 = Release|Any CPU
		{0B43DCDD-7DF4-4682-9114-C7A2F28A951D}.AppStore|iPhoneSimulator.ActiveCfg = Release|Any CPU
		{0B43DCDD-7DF4-4682-9114-C7A2F28A951D}.AppStore|iPhoneSimulator.Build.0 = Release|Any CPU
		{0B43DCDD-7DF4-4682-9114-C7A2F28A951D}.AppStore|iPhoneSimulator.Deploy.0 = Release|Any CPU
		{0B43DCDD-7DF4-4682-9114-C7A2F28A951D}.AppStore|x64.ActiveCfg = Release|Any CPU
		{0B43DCDD-7DF4-4682-9114-C7A2F28A951D}.AppStore|x64.Build.0 = Release|Any CPU
		{0B43DCDD-7DF4-4682-9114-C7A2F28A951D}.AppStore|x64.Deploy.0 = Release|Any CPU
		{0B43DCDD-7DF4-4682-9114-C7A2F28A951D}.AppStore|x86.ActiveCfg = Release|Any CPU
		{0B43DCDD-7DF4-4682-9114-C7A2F28A951D}.AppStore|x86.Build.0 = Release|Any CPU
		{0B43DCDD-7DF4-4682-9114-C7A2F28A951D}.AppStore|x86.Deploy.0 = Release|Any CPU
		{0B43DCDD-7DF4-4682-9114-C7A2F28A951D}.Debug|Any CPU.ActiveCfg = Debug|Any CPU
		{0B43DCDD-7DF4-4682-9114-C7A2F28A951D}.Debug|Any CPU.Build.0 = Debug|Any CPU
		{0B43DCDD-7DF4-4682-9114-C7A2F28A951D}.Debug|Any CPU.Deploy.0 = Debug|Any CPU
		{0B43DCDD-7DF4-4682-9114-C7A2F28A951D}.Debug|ARM.ActiveCfg = Debug|Any CPU
		{0B43DCDD-7DF4-4682-9114-C7A2F28A951D}.Debug|ARM.Build.0 = Debug|Any CPU
		{0B43DCDD-7DF4-4682-9114-C7A2F28A951D}.Debug|ARM.Deploy.0 = Debug|Any CPU
		{0B43DCDD-7DF4-4682-9114-C7A2F28A951D}.Debug|iPhone.ActiveCfg = Debug|Any CPU
		{0B43DCDD-7DF4-4682-9114-C7A2F28A951D}.Debug|iPhone.Build.0 = Debug|Any CPU
		{0B43DCDD-7DF4-4682-9114-C7A2F28A951D}.Debug|iPhone.Deploy.0 = Debug|Any CPU
		{0B43DCDD-7DF4-4682-9114-C7A2F28A951D}.Debug|iPhoneSimulator.ActiveCfg = Debug|Any CPU
		{0B43DCDD-7DF4-4682-9114-C7A2F28A951D}.Debug|iPhoneSimulator.Build.0 = Debug|Any CPU
		{0B43DCDD-7DF4-4682-9114-C7A2F28A951D}.Debug|iPhoneSimulator.Deploy.0 = Debug|Any CPU
		{0B43DCDD-7DF4-4682-9114-C7A2F28A951D}.Debug|x64.ActiveCfg = Debug|Any CPU
		{0B43DCDD-7DF4-4682-9114-C7A2F28A951D}.Debug|x64.Build.0 = Debug|Any CPU
		{0B43DCDD-7DF4-4682-9114-C7A2F28A951D}.Debug|x64.Deploy.0 = Debug|Any CPU
		{0B43DCDD-7DF4-4682-9114-C7A2F28A951D}.Debug|x86.ActiveCfg = Debug|Any CPU
		{0B43DCDD-7DF4-4682-9114-C7A2F28A951D}.Debug|x86.Build.0 = Debug|Any CPU
		{0B43DCDD-7DF4-4682-9114-C7A2F28A951D}.Debug|x86.Deploy.0 = Debug|Any CPU
		{0B43DCDD-7DF4-4682-9114-C7A2F28A951D}.Release|Any CPU.ActiveCfg = Release|Any CPU
		{0B43DCDD-7DF4-4682-9114-C7A2F28A951D}.Release|Any CPU.Build.0 = Release|Any CPU
		{0B43DCDD-7DF4-4682-9114-C7A2F28A951D}.Release|Any CPU.Deploy.0 = Release|Any CPU
		{0B43DCDD-7DF4-4682-9114-C7A2F28A951D}.Release|ARM.ActiveCfg = Release|Any CPU
		{0B43DCDD-7DF4-4682-9114-C7A2F28A951D}.Release|ARM.Build.0 = Release|Any CPU
		{0B43DCDD-7DF4-4682-9114-C7A2F28A951D}.Release|ARM.Deploy.0 = Release|Any CPU
		{0B43DCDD-7DF4-4682-9114-C7A2F28A951D}.Release|iPhone.ActiveCfg = Release|Any CPU
		{0B43DCDD-7DF4-4682-9114-C7A2F28A951D}.Release|iPhone.Build.0 = Release|Any CPU
		{0B43DCDD-7DF4-4682-9114-C7A2F28A951D}.Release|iPhone.Deploy.0 = Release|Any CPU
		{0B43DCDD-7DF4-4682-9114-C7A2F28A951D}.Release|iPhoneSimulator.ActiveCfg = Release|Any CPU
		{0B43DCDD-7DF4-4682-9114-C7A2F28A951D}.Release|iPhoneSimulator.Build.0 = Release|Any CPU
		{0B43DCDD-7DF4-4682-9114-C7A2F28A951D}.Release|iPhoneSimulator.Deploy.0 = Release|Any CPU
		{0B43DCDD-7DF4-4682-9114-C7A2F28A951D}.Release|x64.ActiveCfg = Release|Any CPU
		{0B43DCDD-7DF4-4682-9114-C7A2F28A951D}.Release|x64.Build.0 = Release|Any CPU
		{0B43DCDD-7DF4-4682-9114-C7A2F28A951D}.Release|x64.Deploy.0 = Release|Any CPU
		{0B43DCDD-7DF4-4682-9114-C7A2F28A951D}.Release|x86.ActiveCfg = Release|Any CPU
		{0B43DCDD-7DF4-4682-9114-C7A2F28A951D}.Release|x86.Build.0 = Release|Any CPU
		{0B43DCDD-7DF4-4682-9114-C7A2F28A951D}.Release|x86.Deploy.0 = Release|Any CPU
		{7DD82DC0-B249-42BB-8F48-D776A618C513}.Ad-Hoc|Any CPU.ActiveCfg = Ad-Hoc|iPhone
		{7DD82DC0-B249-42BB-8F48-D776A618C513}.Ad-Hoc|ARM.ActiveCfg = Ad-Hoc|iPhone
		{7DD82DC0-B249-42BB-8F48-D776A618C513}.Ad-Hoc|iPhone.ActiveCfg = Ad-Hoc|iPhone
		{7DD82DC0-B249-42BB-8F48-D776A618C513}.Ad-Hoc|iPhone.Build.0 = Ad-Hoc|iPhone
		{7DD82DC0-B249-42BB-8F48-D776A618C513}.Ad-Hoc|iPhoneSimulator.ActiveCfg = Ad-Hoc|iPhoneSimulator
		{7DD82DC0-B249-42BB-8F48-D776A618C513}.Ad-Hoc|iPhoneSimulator.Build.0 = Ad-Hoc|iPhoneSimulator
		{7DD82DC0-B249-42BB-8F48-D776A618C513}.Ad-Hoc|x64.ActiveCfg = Ad-Hoc|iPhone
		{7DD82DC0-B249-42BB-8F48-D776A618C513}.Ad-Hoc|x86.ActiveCfg = Ad-Hoc|iPhone
		{7DD82DC0-B249-42BB-8F48-D776A618C513}.AppStore|Any CPU.ActiveCfg = AppStore|iPhone
		{7DD82DC0-B249-42BB-8F48-D776A618C513}.AppStore|ARM.ActiveCfg = AppStore|iPhone
		{7DD82DC0-B249-42BB-8F48-D776A618C513}.AppStore|iPhone.ActiveCfg = AppStore|iPhone
		{7DD82DC0-B249-42BB-8F48-D776A618C513}.AppStore|iPhone.Build.0 = AppStore|iPhone
		{7DD82DC0-B249-42BB-8F48-D776A618C513}.AppStore|iPhoneSimulator.ActiveCfg = AppStore|iPhoneSimulator
		{7DD82DC0-B249-42BB-8F48-D776A618C513}.AppStore|iPhoneSimulator.Build.0 = AppStore|iPhoneSimulator
		{7DD82DC0-B249-42BB-8F48-D776A618C513}.AppStore|x64.ActiveCfg = AppStore|iPhone
		{7DD82DC0-B249-42BB-8F48-D776A618C513}.AppStore|x86.ActiveCfg = AppStore|iPhone
		{7DD82DC0-B249-42BB-8F48-D776A618C513}.Debug|Any CPU.ActiveCfg = Debug|iPhone
		{7DD82DC0-B249-42BB-8F48-D776A618C513}.Debug|ARM.ActiveCfg = Debug|iPhone
		{7DD82DC0-B249-42BB-8F48-D776A618C513}.Debug|iPhone.ActiveCfg = Debug|iPhone
		{7DD82DC0-B249-42BB-8F48-D776A618C513}.Debug|iPhone.Build.0 = Debug|iPhone
		{7DD82DC0-B249-42BB-8F48-D776A618C513}.Debug|iPhoneSimulator.ActiveCfg = Debug|iPhoneSimulator
		{7DD82DC0-B249-42BB-8F48-D776A618C513}.Debug|iPhoneSimulator.Build.0 = Debug|iPhoneSimulator
		{7DD82DC0-B249-42BB-8F48-D776A618C513}.Debug|x64.ActiveCfg = Debug|iPhone
		{7DD82DC0-B249-42BB-8F48-D776A618C513}.Debug|x86.ActiveCfg = Debug|iPhone
		{7DD82DC0-B249-42BB-8F48-D776A618C513}.Release|Any CPU.ActiveCfg = Release|iPhone
		{7DD82DC0-B249-42BB-8F48-D776A618C513}.Release|ARM.ActiveCfg = Release|iPhone
		{7DD82DC0-B249-42BB-8F48-D776A618C513}.Release|iPhone.ActiveCfg = Release|iPhone
		{7DD82DC0-B249-42BB-8F48-D776A618C513}.Release|iPhone.Build.0 = Release|iPhone
		{7DD82DC0-B249-42BB-8F48-D776A618C513}.Release|iPhoneSimulator.ActiveCfg = Release|iPhoneSimulator
		{7DD82DC0-B249-42BB-8F48-D776A618C513}.Release|iPhoneSimulator.Build.0 = Release|iPhoneSimulator
		{7DD82DC0-B249-42BB-8F48-D776A618C513}.Release|x64.ActiveCfg = Release|iPhone
		{7DD82DC0-B249-42BB-8F48-D776A618C513}.Release|x86.ActiveCfg = Release|iPhone
		{15A73194-45DF-4DF4-839F-9A439B40C8E4}.Ad-Hoc|Any CPU.ActiveCfg = Release|x86
		{15A73194-45DF-4DF4-839F-9A439B40C8E4}.Ad-Hoc|Any CPU.Build.0 = Release|x86
		{15A73194-45DF-4DF4-839F-9A439B40C8E4}.Ad-Hoc|Any CPU.Deploy.0 = Release|x86
		{15A73194-45DF-4DF4-839F-9A439B40C8E4}.Ad-Hoc|ARM.ActiveCfg = Release|ARM
		{15A73194-45DF-4DF4-839F-9A439B40C8E4}.Ad-Hoc|ARM.Build.0 = Release|ARM
		{15A73194-45DF-4DF4-839F-9A439B40C8E4}.Ad-Hoc|ARM.Deploy.0 = Release|ARM
		{15A73194-45DF-4DF4-839F-9A439B40C8E4}.Ad-Hoc|iPhone.ActiveCfg = Release|x86
		{15A73194-45DF-4DF4-839F-9A439B40C8E4}.Ad-Hoc|iPhone.Build.0 = Release|x86
		{15A73194-45DF-4DF4-839F-9A439B40C8E4}.Ad-Hoc|iPhone.Deploy.0 = Release|x86
		{15A73194-45DF-4DF4-839F-9A439B40C8E4}.Ad-Hoc|iPhoneSimulator.ActiveCfg = Release|x86
		{15A73194-45DF-4DF4-839F-9A439B40C8E4}.Ad-Hoc|iPhoneSimulator.Build.0 = Release|x86
		{15A73194-45DF-4DF4-839F-9A439B40C8E4}.Ad-Hoc|iPhoneSimulator.Deploy.0 = Release|x86
		{15A73194-45DF-4DF4-839F-9A439B40C8E4}.Ad-Hoc|x64.ActiveCfg = Release|x64
		{15A73194-45DF-4DF4-839F-9A439B40C8E4}.Ad-Hoc|x64.Build.0 = Release|x64
		{15A73194-45DF-4DF4-839F-9A439B40C8E4}.Ad-Hoc|x64.Deploy.0 = Release|x64
		{15A73194-45DF-4DF4-839F-9A439B40C8E4}.Ad-Hoc|x86.ActiveCfg = Release|x86
		{15A73194-45DF-4DF4-839F-9A439B40C8E4}.Ad-Hoc|x86.Build.0 = Release|x86
		{15A73194-45DF-4DF4-839F-9A439B40C8E4}.Ad-Hoc|x86.Deploy.0 = Release|x86
		{15A73194-45DF-4DF4-839F-9A439B40C8E4}.AppStore|Any CPU.ActiveCfg = Release|x86
		{15A73194-45DF-4DF4-839F-9A439B40C8E4}.AppStore|Any CPU.Build.0 = Release|x86
		{15A73194-45DF-4DF4-839F-9A439B40C8E4}.AppStore|Any CPU.Deploy.0 = Release|x86
		{15A73194-45DF-4DF4-839F-9A439B40C8E4}.AppStore|ARM.ActiveCfg = Release|ARM
		{15A73194-45DF-4DF4-839F-9A439B40C8E4}.AppStore|ARM.Build.0 = Release|ARM
		{15A73194-45DF-4DF4-839F-9A439B40C8E4}.AppStore|ARM.Deploy.0 = Release|ARM
		{15A73194-45DF-4DF4-839F-9A439B40C8E4}.AppStore|iPhone.ActiveCfg = Release|x86
		{15A73194-45DF-4DF4-839F-9A439B40C8E4}.AppStore|iPhone.Build.0 = Release|x86
		{15A73194-45DF-4DF4-839F-9A439B40C8E4}.AppStore|iPhone.Deploy.0 = Release|x86
		{15A73194-45DF-4DF4-839F-9A439B40C8E4}.AppStore|iPhoneSimulator.ActiveCfg = Release|x86
		{15A73194-45DF-4DF4-839F-9A439B40C8E4}.AppStore|iPhoneSimulator.Build.0 = Release|x86
		{15A73194-45DF-4DF4-839F-9A439B40C8E4}.AppStore|iPhoneSimulator.Deploy.0 = Release|x86
		{15A73194-45DF-4DF4-839F-9A439B40C8E4}.AppStore|x64.ActiveCfg = Release|x64
		{15A73194-45DF-4DF4-839F-9A439B40C8E4}.AppStore|x64.Build.0 = Release|x64
		{15A73194-45DF-4DF4-839F-9A439B40C8E4}.AppStore|x64.Deploy.0 = Release|x64
		{15A73194-45DF-4DF4-839F-9A439B40C8E4}.AppStore|x86.ActiveCfg = Release|x86
		{15A73194-45DF-4DF4-839F-9A439B40C8E4}.AppStore|x86.Build.0 = Release|x86
		{15A73194-45DF-4DF4-839F-9A439B40C8E4}.AppStore|x86.Deploy.0 = Release|x86
		{15A73194-45DF-4DF4-839F-9A439B40C8E4}.Debug|Any CPU.ActiveCfg = Debug|x86
		{15A73194-45DF-4DF4-839F-9A439B40C8E4}.Debug|Any CPU.Build.0 = Debug|x86
		{15A73194-45DF-4DF4-839F-9A439B40C8E4}.Debug|Any CPU.Deploy.0 = Debug|x86
		{15A73194-45DF-4DF4-839F-9A439B40C8E4}.Debug|ARM.ActiveCfg = Debug|ARM
		{15A73194-45DF-4DF4-839F-9A439B40C8E4}.Debug|ARM.Build.0 = Debug|ARM
		{15A73194-45DF-4DF4-839F-9A439B40C8E4}.Debug|ARM.Deploy.0 = Debug|ARM
		{15A73194-45DF-4DF4-839F-9A439B40C8E4}.Debug|iPhone.ActiveCfg = Debug|x86
		{15A73194-45DF-4DF4-839F-9A439B40C8E4}.Debug|iPhoneSimulator.ActiveCfg = Debug|x86
		{15A73194-45DF-4DF4-839F-9A439B40C8E4}.Debug|x64.ActiveCfg = Debug|x64
		{15A73194-45DF-4DF4-839F-9A439B40C8E4}.Debug|x64.Build.0 = Debug|x64
		{15A73194-45DF-4DF4-839F-9A439B40C8E4}.Debug|x64.Deploy.0 = Debug|x64
		{15A73194-45DF-4DF4-839F-9A439B40C8E4}.Debug|x86.ActiveCfg = Debug|x86
		{15A73194-45DF-4DF4-839F-9A439B40C8E4}.Debug|x86.Build.0 = Debug|x86
		{15A73194-45DF-4DF4-839F-9A439B40C8E4}.Debug|x86.Deploy.0 = Debug|x86
		{15A73194-45DF-4DF4-839F-9A439B40C8E4}.Release|Any CPU.ActiveCfg = Release|x86
		{15A73194-45DF-4DF4-839F-9A439B40C8E4}.Release|ARM.ActiveCfg = Release|ARM
		{15A73194-45DF-4DF4-839F-9A439B40C8E4}.Release|ARM.Build.0 = Release|ARM
		{15A73194-45DF-4DF4-839F-9A439B40C8E4}.Release|ARM.Deploy.0 = Release|ARM
		{15A73194-45DF-4DF4-839F-9A439B40C8E4}.Release|iPhone.ActiveCfg = Release|x86
		{15A73194-45DF-4DF4-839F-9A439B40C8E4}.Release|iPhoneSimulator.ActiveCfg = Release|x86
		{15A73194-45DF-4DF4-839F-9A439B40C8E4}.Release|x64.ActiveCfg = Release|x64
		{15A73194-45DF-4DF4-839F-9A439B40C8E4}.Release|x64.Build.0 = Release|x64
		{15A73194-45DF-4DF4-839F-9A439B40C8E4}.Release|x64.Deploy.0 = Release|x64
		{15A73194-45DF-4DF4-839F-9A439B40C8E4}.Release|x86.ActiveCfg = Release|x86
		{15A73194-45DF-4DF4-839F-9A439B40C8E4}.Release|x86.Build.0 = Release|x86
		{15A73194-45DF-4DF4-839F-9A439B40C8E4}.Release|x86.Deploy.0 = Release|x86
		{386243AD-706E-4583-90AC-3CB4A022D1A6}.Ad-Hoc|Any CPU.ActiveCfg = Release|Any CPU
		{386243AD-706E-4583-90AC-3CB4A022D1A6}.Ad-Hoc|Any CPU.Build.0 = Release|Any CPU
		{386243AD-706E-4583-90AC-3CB4A022D1A6}.Ad-Hoc|ARM.ActiveCfg = Release|Any CPU
		{386243AD-706E-4583-90AC-3CB4A022D1A6}.Ad-Hoc|ARM.Build.0 = Release|Any CPU
		{386243AD-706E-4583-90AC-3CB4A022D1A6}.Ad-Hoc|iPhone.ActiveCfg = Release|Any CPU
		{386243AD-706E-4583-90AC-3CB4A022D1A6}.Ad-Hoc|iPhone.Build.0 = Release|Any CPU
		{386243AD-706E-4583-90AC-3CB4A022D1A6}.Ad-Hoc|iPhoneSimulator.ActiveCfg = Release|Any CPU
		{386243AD-706E-4583-90AC-3CB4A022D1A6}.Ad-Hoc|iPhoneSimulator.Build.0 = Release|Any CPU
		{386243AD-706E-4583-90AC-3CB4A022D1A6}.Ad-Hoc|x64.ActiveCfg = Release|Any CPU
		{386243AD-706E-4583-90AC-3CB4A022D1A6}.Ad-Hoc|x64.Build.0 = Release|Any CPU
		{386243AD-706E-4583-90AC-3CB4A022D1A6}.Ad-Hoc|x86.ActiveCfg = Release|Any CPU
		{386243AD-706E-4583-90AC-3CB4A022D1A6}.Ad-Hoc|x86.Build.0 = Release|Any CPU
		{386243AD-706E-4583-90AC-3CB4A022D1A6}.AppStore|Any CPU.ActiveCfg = Release|Any CPU
		{386243AD-706E-4583-90AC-3CB4A022D1A6}.AppStore|Any CPU.Build.0 = Release|Any CPU
		{386243AD-706E-4583-90AC-3CB4A022D1A6}.AppStore|ARM.ActiveCfg = Release|Any CPU
		{386243AD-706E-4583-90AC-3CB4A022D1A6}.AppStore|ARM.Build.0 = Release|Any CPU
		{386243AD-706E-4583-90AC-3CB4A022D1A6}.AppStore|iPhone.ActiveCfg = Release|Any CPU
		{386243AD-706E-4583-90AC-3CB4A022D1A6}.AppStore|iPhone.Build.0 = Release|Any CPU
		{386243AD-706E-4583-90AC-3CB4A022D1A6}.AppStore|iPhoneSimulator.ActiveCfg = Release|Any CPU
		{386243AD-706E-4583-90AC-3CB4A022D1A6}.AppStore|iPhoneSimulator.Build.0 = Release|Any CPU
		{386243AD-706E-4583-90AC-3CB4A022D1A6}.AppStore|x64.ActiveCfg = Release|Any CPU
		{386243AD-706E-4583-90AC-3CB4A022D1A6}.AppStore|x64.Build.0 = Release|Any CPU
		{386243AD-706E-4583-90AC-3CB4A022D1A6}.AppStore|x86.ActiveCfg = Release|Any CPU
		{386243AD-706E-4583-90AC-3CB4A022D1A6}.AppStore|x86.Build.0 = Release|Any CPU
		{386243AD-706E-4583-90AC-3CB4A022D1A6}.Debug|Any CPU.ActiveCfg = Debug|Any CPU
		{386243AD-706E-4583-90AC-3CB4A022D1A6}.Debug|Any CPU.Build.0 = Debug|Any CPU
		{386243AD-706E-4583-90AC-3CB4A022D1A6}.Debug|ARM.ActiveCfg = Debug|Any CPU
		{386243AD-706E-4583-90AC-3CB4A022D1A6}.Debug|ARM.Build.0 = Debug|Any CPU
		{386243AD-706E-4583-90AC-3CB4A022D1A6}.Debug|iPhone.ActiveCfg = Debug|Any CPU
		{386243AD-706E-4583-90AC-3CB4A022D1A6}.Debug|iPhone.Build.0 = Debug|Any CPU
		{386243AD-706E-4583-90AC-3CB4A022D1A6}.Debug|iPhoneSimulator.ActiveCfg = Debug|Any CPU
		{386243AD-706E-4583-90AC-3CB4A022D1A6}.Debug|iPhoneSimulator.Build.0 = Debug|Any CPU
		{386243AD-706E-4583-90AC-3CB4A022D1A6}.Debug|x64.ActiveCfg = Debug|Any CPU
		{386243AD-706E-4583-90AC-3CB4A022D1A6}.Debug|x64.Build.0 = Debug|Any CPU
		{386243AD-706E-4583-90AC-3CB4A022D1A6}.Debug|x86.ActiveCfg = Debug|Any CPU
		{386243AD-706E-4583-90AC-3CB4A022D1A6}.Debug|x86.Build.0 = Debug|Any CPU
		{386243AD-706E-4583-90AC-3CB4A022D1A6}.Release|Any CPU.ActiveCfg = Release|Any CPU
		{386243AD-706E-4583-90AC-3CB4A022D1A6}.Release|Any CPU.Build.0 = Release|Any CPU
		{386243AD-706E-4583-90AC-3CB4A022D1A6}.Release|ARM.ActiveCfg = Release|Any CPU
		{386243AD-706E-4583-90AC-3CB4A022D1A6}.Release|ARM.Build.0 = Release|Any CPU
		{386243AD-706E-4583-90AC-3CB4A022D1A6}.Release|iPhone.ActiveCfg = Release|Any CPU
		{386243AD-706E-4583-90AC-3CB4A022D1A6}.Release|iPhone.Build.0 = Release|Any CPU
		{386243AD-706E-4583-90AC-3CB4A022D1A6}.Release|iPhoneSimulator.ActiveCfg = Release|Any CPU
		{386243AD-706E-4583-90AC-3CB4A022D1A6}.Release|iPhoneSimulator.Build.0 = Release|Any CPU
		{386243AD-706E-4583-90AC-3CB4A022D1A6}.Release|x64.ActiveCfg = Release|Any CPU
		{386243AD-706E-4583-90AC-3CB4A022D1A6}.Release|x64.Build.0 = Release|Any CPU
		{386243AD-706E-4583-90AC-3CB4A022D1A6}.Release|x86.ActiveCfg = Release|Any CPU
		{386243AD-706E-4583-90AC-3CB4A022D1A6}.Release|x86.Build.0 = Release|Any CPU
		{5270893E-DEF5-43AC-B209-A05A6BF59DB7}.Ad-Hoc|Any CPU.ActiveCfg = Release|Any CPU
		{5270893E-DEF5-43AC-B209-A05A6BF59DB7}.Ad-Hoc|Any CPU.Build.0 = Release|Any CPU
		{5270893E-DEF5-43AC-B209-A05A6BF59DB7}.Ad-Hoc|ARM.ActiveCfg = Release|Any CPU
		{5270893E-DEF5-43AC-B209-A05A6BF59DB7}.Ad-Hoc|ARM.Build.0 = Release|Any CPU
		{5270893E-DEF5-43AC-B209-A05A6BF59DB7}.Ad-Hoc|iPhone.ActiveCfg = Release|Any CPU
		{5270893E-DEF5-43AC-B209-A05A6BF59DB7}.Ad-Hoc|iPhone.Build.0 = Release|Any CPU
		{5270893E-DEF5-43AC-B209-A05A6BF59DB7}.Ad-Hoc|iPhoneSimulator.ActiveCfg = Release|Any CPU
		{5270893E-DEF5-43AC-B209-A05A6BF59DB7}.Ad-Hoc|iPhoneSimulator.Build.0 = Release|Any CPU
		{5270893E-DEF5-43AC-B209-A05A6BF59DB7}.Ad-Hoc|x64.ActiveCfg = Release|Any CPU
		{5270893E-DEF5-43AC-B209-A05A6BF59DB7}.Ad-Hoc|x64.Build.0 = Release|Any CPU
		{5270893E-DEF5-43AC-B209-A05A6BF59DB7}.Ad-Hoc|x86.ActiveCfg = Release|Any CPU
		{5270893E-DEF5-43AC-B209-A05A6BF59DB7}.Ad-Hoc|x86.Build.0 = Release|Any CPU
		{5270893E-DEF5-43AC-B209-A05A6BF59DB7}.AppStore|Any CPU.ActiveCfg = Release|Any CPU
		{5270893E-DEF5-43AC-B209-A05A6BF59DB7}.AppStore|Any CPU.Build.0 = Release|Any CPU
		{5270893E-DEF5-43AC-B209-A05A6BF59DB7}.AppStore|ARM.ActiveCfg = Release|Any CPU
		{5270893E-DEF5-43AC-B209-A05A6BF59DB7}.AppStore|ARM.Build.0 = Release|Any CPU
		{5270893E-DEF5-43AC-B209-A05A6BF59DB7}.AppStore|iPhone.ActiveCfg = Release|Any CPU
		{5270893E-DEF5-43AC-B209-A05A6BF59DB7}.AppStore|iPhone.Build.0 = Release|Any CPU
		{5270893E-DEF5-43AC-B209-A05A6BF59DB7}.AppStore|iPhoneSimulator.ActiveCfg = Release|Any CPU
		{5270893E-DEF5-43AC-B209-A05A6BF59DB7}.AppStore|iPhoneSimulator.Build.0 = Release|Any CPU
		{5270893E-DEF5-43AC-B209-A05A6BF59DB7}.AppStore|x64.ActiveCfg = Release|Any CPU
		{5270893E-DEF5-43AC-B209-A05A6BF59DB7}.AppStore|x64.Build.0 = Release|Any CPU
		{5270893E-DEF5-43AC-B209-A05A6BF59DB7}.AppStore|x86.ActiveCfg = Release|Any CPU
		{5270893E-DEF5-43AC-B209-A05A6BF59DB7}.AppStore|x86.Build.0 = Release|Any CPU
		{5270893E-DEF5-43AC-B209-A05A6BF59DB7}.Debug|Any CPU.ActiveCfg = Debug|Any CPU
		{5270893E-DEF5-43AC-B209-A05A6BF59DB7}.Debug|Any CPU.Build.0 = Debug|Any CPU
		{5270893E-DEF5-43AC-B209-A05A6BF59DB7}.Debug|ARM.ActiveCfg = Debug|Any CPU
		{5270893E-DEF5-43AC-B209-A05A6BF59DB7}.Debug|ARM.Build.0 = Debug|Any CPU
		{5270893E-DEF5-43AC-B209-A05A6BF59DB7}.Debug|iPhone.ActiveCfg = Debug|Any CPU
		{5270893E-DEF5-43AC-B209-A05A6BF59DB7}.Debug|iPhone.Build.0 = Debug|Any CPU
		{5270893E-DEF5-43AC-B209-A05A6BF59DB7}.Debug|iPhoneSimulator.ActiveCfg = Debug|Any CPU
		{5270893E-DEF5-43AC-B209-A05A6BF59DB7}.Debug|iPhoneSimulator.Build.0 = Debug|Any CPU
		{5270893E-DEF5-43AC-B209-A05A6BF59DB7}.Debug|x64.ActiveCfg = Debug|Any CPU
		{5270893E-DEF5-43AC-B209-A05A6BF59DB7}.Debug|x64.Build.0 = Debug|Any CPU
		{5270893E-DEF5-43AC-B209-A05A6BF59DB7}.Debug|x86.ActiveCfg = Debug|Any CPU
		{5270893E-DEF5-43AC-B209-A05A6BF59DB7}.Debug|x86.Build.0 = Debug|Any CPU
		{5270893E-DEF5-43AC-B209-A05A6BF59DB7}.Release|Any CPU.ActiveCfg = Release|Any CPU
		{5270893E-DEF5-43AC-B209-A05A6BF59DB7}.Release|Any CPU.Build.0 = Release|Any CPU
		{5270893E-DEF5-43AC-B209-A05A6BF59DB7}.Release|ARM.ActiveCfg = Release|Any CPU
		{5270893E-DEF5-43AC-B209-A05A6BF59DB7}.Release|ARM.Build.0 = Release|Any CPU
		{5270893E-DEF5-43AC-B209-A05A6BF59DB7}.Release|iPhone.ActiveCfg = Release|Any CPU
		{5270893E-DEF5-43AC-B209-A05A6BF59DB7}.Release|iPhone.Build.0 = Release|Any CPU
		{5270893E-DEF5-43AC-B209-A05A6BF59DB7}.Release|iPhoneSimulator.ActiveCfg = Release|Any CPU
		{5270893E-DEF5-43AC-B209-A05A6BF59DB7}.Release|iPhoneSimulator.Build.0 = Release|Any CPU
		{5270893E-DEF5-43AC-B209-A05A6BF59DB7}.Release|x64.ActiveCfg = Release|Any CPU
		{5270893E-DEF5-43AC-B209-A05A6BF59DB7}.Release|x64.Build.0 = Release|Any CPU
		{5270893E-DEF5-43AC-B209-A05A6BF59DB7}.Release|x86.ActiveCfg = Release|Any CPU
		{5270893E-DEF5-43AC-B209-A05A6BF59DB7}.Release|x86.Build.0 = Release|Any CPU
	EndGlobalSection
	GlobalSection(SolutionProperties) = preSolution
		HideSolutionNode = FALSE
	EndGlobalSection
	GlobalSection(NestedProjects) = preSolution
		{8C5DCE80-8A57-4FBD-B81A-87925C80D4CD} = {0E4E15BF-936E-4863-BF34-E4E9B31775FA}
		{0B43DCDD-7DF4-4682-9114-C7A2F28A951D} = {0E4E15BF-936E-4863-BF34-E4E9B31775FA}
		{7DD82DC0-B249-42BB-8F48-D776A618C513} = {0E4E15BF-936E-4863-BF34-E4E9B31775FA}
		{15A73194-45DF-4DF4-839F-9A439B40C8E4} = {0E4E15BF-936E-4863-BF34-E4E9B31775FA}
		{386243AD-706E-4583-90AC-3CB4A022D1A6} = {CC6C25E3-BBF9-4BE4-885E-A82EF3943D59}
		{5270893E-DEF5-43AC-B209-A05A6BF59DB7} = {3C7C6AB5-5378-45A9-BAE1-A6ADCD8F59F0}
	EndGlobalSection
EndGlobal
